
Microsoft Visual Studio Solution File, Format Version 12.00
# Visual Studio 15
VisualStudioVersion = 15.0.27428.2043
MinimumVisualStudioVersion = 10.0.40219.1
Project("{FAE04EC0-301F-11D3-BF4B-00C04F79EFBC}") = "PaaSDev.L200.Redis.2", "PaaSDev.L200.Redis.2.csproj", "{3BB909B0-4CFF-40CC-8088-C33FC98FC08A}"
EndProject
Global
	GlobalSection(SolutionConfigurationPlatforms) = preSolution
		Debug|Any CPU = Debug|Any CPU
		Release|Any CPU = Release|Any CPU
	EndGlobalSection
	GlobalSection(ProjectConfigurationPlatforms) = postSolution
		{3BB909B0-4CFF-40CC-8088-C33FC98FC08A}.Debug|Any CPU.ActiveCfg = Debug|Any CPU
		{3BB909B0-4CFF-40CC-8088-C33FC98FC08A}.Debug|Any CPU.Build.0 = Debug|Any CPU
		{3BB909B0-4CFF-40CC-8088-C33FC98FC08A}.Release|Any CPU.ActiveCfg = Release|Any CPU
		{3BB909B0-4CFF-40CC-8088-C33FC98FC08A}.Release|Any CPU.Build.0 = Release|Any CPU
	EndGlobalSection
	GlobalSection(SolutionProperties) = preSolution
		HideSolutionNode = FALSE
	EndGlobalSection
	GlobalSection(ExtensibilityGlobals) = postSolution
		SolutionGuid = {A83F8B81-2C97-43B6-977D-61AE32D686F1}
	EndGlobalSection
EndGlobal
